
Microsoft Visual Studio Solution File, Format Version 12.00
# Visual Studio 15
VisualStudioVersion = 15.0.28010.2041
MinimumVisualStudioVersion = 10.0.40219.1
Project("{FAE04EC0-301F-11D3-BF4B-00C04F79EFBC}") = "DemoApp.Android", "DemoApp\DemoApp.Android\DemoApp.Android.csproj", "{D88F6BEC-0173-487B-B89C-E99084BC37EB}"
EndProject
Project("{FAE04EC0-301F-11D3-BF4B-00C04F79EFBC}") = "DemoApp.iOS", "DemoApp\DemoApp.iOS\DemoApp.iOS.csproj", "{571904C1-FAB2-4B85-BA6A-4EE27DD17F81}"
EndProject
Project("{FAE04EC0-301F-11D3-BF4B-00C04F79EFBC}") = "DemoApp", "DemoApp\DemoApp\DemoApp.csproj", "{97DC8201-6CE8-4520-B0C1-3C085B92261F}"
EndProject
Project("{FAE04EC0-301F-11D3-BF4B-00C04F79EFBC}") = "DemoApp.Backend", "DemoApp.Backend\DemoApp.Backend.csproj", "{FD01BEC3-284E-48C0-8BC4-28E45D7AA273}"
EndProject
Project("{FAE04EC0-301F-11D3-BF4B-00C04F79EFBC}") = "DemoApp.API", "DemoApp.API\DemoApp.API.csproj", "{4A85E3B7-6445-4EEF-BE09-40DB9E9BDD7A}"
EndProject
Project("{FAE04EC0-301F-11D3-BF4B-00C04F79EFBC}") = "DemoApp.Domain", "DemoApp.Domain\DemoApp.Domain.csproj", "{3F11840B-86EB-4266-81A7-01AF6F03254D}"
EndProject
Project("{FAE04EC0-301F-11D3-BF4B-00C04F79EFBC}") = "DemoApp.Common", "DemoApp.Common\DemoApp.Common.csproj", "{3A42871C-4EEA-4B0B-B3B6-8E09FAA41344}"
EndProject
Global
	GlobalSection(SolutionConfigurationPlatforms) = preSolution
		Ad-Hoc|Any CPU = Ad-Hoc|Any CPU
		Ad-Hoc|iPhone = Ad-Hoc|iPhone
		Ad-Hoc|iPhoneSimulator = Ad-Hoc|iPhoneSimulator
		AppStore|Any CPU = AppStore|Any CPU
		AppStore|iPhone = AppStore|iPhone
		AppStore|iPhoneSimulator = AppStore|iPhoneSimulator
		Debug|Any CPU = Debug|Any CPU
		Debug|iPhone = Debug|iPhone
		Debug|iPhoneSimulator = Debug|iPhoneSimulator
		Release|Any CPU = Release|Any CPU
		Release|iPhone = Release|iPhone
		Release|iPhoneSimulator = Release|iPhoneSimulator
	EndGlobalSection
	GlobalSection(ProjectConfigurationPlatforms) = postSolution
		{D88F6BEC-0173-487B-B89C-E99084BC37EB}.Ad-Hoc|Any CPU.ActiveCfg = Release|Any CPU
		{D88F6BEC-0173-487B-B89C-E99084BC37EB}.Ad-Hoc|Any CPU.Build.0 = Release|Any CPU
		{D88F6BEC-0173-487B-B89C-E99084BC37EB}.Ad-Hoc|Any CPU.Deploy.0 = Release|Any CPU
		{D88F6BEC-0173-487B-B89C-E99084BC37EB}.Ad-Hoc|iPhone.ActiveCfg = Release|Any CPU
		{D88F6BEC-0173-487B-B89C-E99084BC37EB}.Ad-Hoc|iPhone.Build.0 = Release|Any CPU
		{D88F6BEC-0173-487B-B89C-E99084BC37EB}.Ad-Hoc|iPhone.Deploy.0 = Release|Any CPU
		{D88F6BEC-0173-487B-B89C-E99084BC37EB}.Ad-Hoc|iPhoneSimulator.ActiveCfg = Release|Any CPU
		{D88F6BEC-0173-487B-B89C-E99084BC37EB}.Ad-Hoc|iPhoneSimulator.Build.0 = Release|Any CPU
		{D88F6BEC-0173-487B-B89C-E99084BC37EB}.Ad-Hoc|iPhoneSimulator.Deploy.0 = Release|Any CPU
		{D88F6BEC-0173-487B-B89C-E99084BC37EB}.AppStore|Any CPU.ActiveCfg = Release|Any CPU
		{D88F6BEC-0173-487B-B89C-E99084BC37EB}.AppStore|Any CPU.Build.0 = Release|Any CPU
		{D88F6BEC-0173-487B-B89C-E99084BC37EB}.AppStore|Any CPU.Deploy.0 = Release|Any CPU
		{D88F6BEC-0173-487B-B89C-E99084BC37EB}.AppStore|iPhone.ActiveCfg = Release|Any CPU
		{D88F6BEC-0173-487B-B89C-E99084BC37EB}.AppStore|iPhone.Build.0 = Release|Any CPU
		{D88F6BEC-0173-487B-B89C-E99084BC37EB}.AppStore|iPhone.Deploy.0 = Release|Any CPU
		{D88F6BEC-0173-487B-B89C-E99084BC37EB}.AppStore|iPhoneSimulator.ActiveCfg = Release|Any CPU
		{D88F6BEC-0173-487B-B89C-E99084BC37EB}.AppStore|iPhoneSimulator.Build.0 = Release|Any CPU
		{D88F6BEC-0173-487B-B89C-E99084BC37EB}.AppStore|iPhoneSimulator.Deploy.0 = Release|Any CPU
		{D88F6BEC-0173-487B-B89C-E99084BC37EB}.Debug|Any CPU.ActiveCfg = Debug|Any CPU
		{D88F6BEC-0173-487B-B89C-E99084BC37EB}.Debug|Any CPU.Build.0 = Debug|Any CPU
		{D88F6BEC-0173-487B-B89C-E99084BC37EB}.Debug|Any CPU.Deploy.0 = Debug|Any CPU
		{D88F6BEC-0173-487B-B89C-E99084BC37EB}.Debug|iPhone.ActiveCfg = Debug|Any CPU
		{D88F6BEC-0173-487B-B89C-E99084BC37EB}.Debug|iPhone.Build.0 = Debug|Any CPU
		{D88F6BEC-0173-487B-B89C-E99084BC37EB}.Debug|iPhone.Deploy.0 = Debug|Any CPU
		{D88F6BEC-0173-487B-B89C-E99084BC37EB}.Debug|iPhoneSimulator.ActiveCfg = Debug|Any CPU
		{D88F6BEC-0173-487B-B89C-E99084BC37EB}.Debug|iPhoneSimulator.Build.0 = Debug|Any CPU
		{D88F6BEC-0173-487B-B89C-E99084BC37EB}.Debug|iPhoneSimulator.Deploy.0 = Debug|Any CPU
		{D88F6BEC-0173-487B-B89C-E99084BC37EB}.Release|Any CPU.ActiveCfg = Release|Any CPU
		{D88F6BEC-0173-487B-B89C-E99084BC37EB}.Release|Any CPU.Build.0 = Release|Any CPU
		{D88F6BEC-0173-487B-B89C-E99084BC37EB}.Release|Any CPU.Deploy.0 = Release|Any CPU
		{D88F6BEC-0173-487B-B89C-E99084BC37EB}.Release|iPhone.ActiveCfg = Release|Any CPU
		{D88F6BEC-0173-487B-B89C-E99084BC37EB}.Release|iPhone.Build.0 = Release|Any CPU
		{D88F6BEC-0173-487B-B89C-E99084BC37EB}.Release|iPhone.Deploy.0 = Release|Any CPU
		{D88F6BEC-0173-487B-B89C-E99084BC37EB}.Release|iPhoneSimulator.ActiveCfg = Release|Any CPU
		{D88F6BEC-0173-487B-B89C-E99084BC37EB}.Release|iPhoneSimulator.Build.0 = Release|Any CPU
		{D88F6BEC-0173-487B-B89C-E99084BC37EB}.Release|iPhoneSimulator.Deploy.0 = Release|Any CPU
		{571904C1-FAB2-4B85-BA6A-4EE27DD17F81}.Ad-Hoc|Any CPU.ActiveCfg = Ad-Hoc|iPhone
		{571904C1-FAB2-4B85-BA6A-4EE27DD17F81}.Ad-Hoc|Any CPU.Build.0 = Ad-Hoc|iPhone
		{571904C1-FAB2-4B85-BA6A-4EE27DD17F81}.Ad-Hoc|Any CPU.Deploy.0 = Ad-Hoc|iPhone
		{571904C1-FAB2-4B85-BA6A-4EE27DD17F81}.Ad-Hoc|iPhone.ActiveCfg = Ad-Hoc|iPhone
		{571904C1-FAB2-4B85-BA6A-4EE27DD17F81}.Ad-Hoc|iPhone.Build.0 = Ad-Hoc|iPhone
		{571904C1-FAB2-4B85-BA6A-4EE27DD17F81}.Ad-Hoc|iPhone.Deploy.0 = Ad-Hoc|iPhone
		{571904C1-FAB2-4B85-BA6A-4EE27DD17F81}.Ad-Hoc|iPhoneSimulator.ActiveCfg = Ad-Hoc|iPhoneSimulator
		{571904C1-FAB2-4B85-BA6A-4EE27DD17F81}.Ad-Hoc|iPhoneSimulator.Build.0 = Ad-Hoc|iPhoneSimulator
		{571904C1-FAB2-4B85-BA6A-4EE27DD17F81}.Ad-Hoc|iPhoneSimulator.Deploy.0 = Ad-Hoc|iPhoneSimulator
		{571904C1-FAB2-4B85-BA6A-4EE27DD17F81}.AppStore|Any CPU.ActiveCfg = AppStore|iPhone
		{571904C1-FAB2-4B85-BA6A-4EE27DD17F81}.AppStore|Any CPU.Build.0 = AppStore|iPhone
		{571904C1-FAB2-4B85-BA6A-4EE27DD17F81}.AppStore|Any CPU.Deploy.0 = AppStore|iPhone
		{571904C1-FAB2-4B85-BA6A-4EE27DD17F81}.AppStore|iPhone.ActiveCfg = AppStore|iPhone
		{571904C1-FAB2-4B85-BA6A-4EE27DD17F81}.AppStore|iPhone.Build.0 = AppStore|iPhone
		{571904C1-FAB2-4B85-BA6A-4EE27DD17F81}.AppStore|iPhone.Deploy.0 = AppStore|iPhone
		{571904C1-FAB2-4B85-BA6A-4EE27DD17F81}.AppStore|iPhoneSimulator.ActiveCfg = AppStore|iPhoneSimulator
		{571904C1-FAB2-4B85-BA6A-4EE27DD17F81}.AppStore|iPhoneSimulator.Build.0 = AppStore|iPhoneSimulator
		{571904C1-FAB2-4B85-BA6A-4EE27DD17F81}.AppStore|iPhoneSimulator.Deploy.0 = AppStore|iPhoneSimulator
		{571904C1-FAB2-4B85-BA6A-4EE27DD17F81}.Debug|Any CPU.ActiveCfg = Debug|iPhoneSimulator
		{571904C1-FAB2-4B85-BA6A-4EE27DD17F81}.Debug|Any CPU.Build.0 = Debug|iPhoneSimulator
		{571904C1-FAB2-4B85-BA6A-4EE27DD17F81}.Debug|Any CPU.Deploy.0 = Debug|iPhoneSimulator
		{571904C1-FAB2-4B85-BA6A-4EE27DD17F81}.Debug|iPhone.ActiveCfg = Debug|iPhone
		{571904C1-FAB2-4B85-BA6A-4EE27DD17F81}.Debug|iPhone.Build.0 = Debug|iPhone
		{571904C1-FAB2-4B85-BA6A-4EE27DD17F81}.Debug|iPhone.Deploy.0 = Debug|iPhone
		{571904C1-FAB2-4B85-BA6A-4EE27DD17F81}.Debug|iPhoneSimulator.ActiveCfg = Debug|iPhoneSimulator
		{571904C1-FAB2-4B85-BA6A-4EE27DD17F81}.Debug|iPhoneSimulator.Build.0 = Debug|iPhoneSimulator
		{571904C1-FAB2-4B85-BA6A-4EE27DD17F81}.Debug|iPhoneSimulator.Deploy.0 = Debug|iPhoneSimulator
		{571904C1-FAB2-4B85-BA6A-4EE27DD17F81}.Release|Any CPU.ActiveCfg = Release|iPhone
		{571904C1-FAB2-4B85-BA6A-4EE27DD17F81}.Release|Any CPU.Build.0 = Release|iPhone
		{571904C1-FAB2-4B85-BA6A-4EE27DD17F81}.Release|Any CPU.Deploy.0 = Release|iPhone
		{571904C1-FAB2-4B85-BA6A-4EE27DD17F81}.Release|iPhone.ActiveCfg = Release|iPhone
		{571904C1-FAB2-4B85-BA6A-4EE27DD17F81}.Release|iPhone.Build.0 = Release|iPhone
		{571904C1-FAB2-4B85-BA6A-4EE27DD17F81}.Release|iPhone.Deploy.0 = Release|iPhone
		{571904C1-FAB2-4B85-BA6A-4EE27DD17F81}.Release|iPhoneSimulator.ActiveCfg = Release|iPhoneSimulator
		{571904C1-FAB2-4B85-BA6A-4EE27DD17F81}.Release|iPhoneSimulator.Build.0 = Release|iPhoneSimulator
		{571904C1-FAB2-4B85-BA6A-4EE27DD17F81}.Release|iPhoneSimulator.Deploy.0 = Release|iPhoneSimulator
		{97DC8201-6CE8-4520-B0C1-3C085B92261F}.Ad-Hoc|Any CPU.ActiveCfg = Debug|Any CPU
		{97DC8201-6CE8-4520-B0C1-3C085B92261F}.Ad-Hoc|Any CPU.Build.0 = Debug|Any CPU
		{97DC8201-6CE8-4520-B0C1-3C085B92261F}.Ad-Hoc|Any CPU.Deploy.0 = Debug|Any CPU
		{97DC8201-6CE8-4520-B0C1-3C085B92261F}.Ad-Hoc|iPhone.ActiveCfg = Debug|Any CPU
		{97DC8201-6CE8-4520-B0C1-3C085B92261F}.Ad-Hoc|iPhone.Build.0 = Debug|Any CPU
		{97DC8201-6CE8-4520-B0C1-3C085B92261F}.Ad-Hoc|iPhone.Deploy.0 = Debug|Any CPU
		{97DC8201-6CE8-4520-B0C1-3C085B92261F}.Ad-Hoc|iPhoneSimulator.ActiveCfg = Debug|Any CPU
		{97DC8201-6CE8-4520-B0C1-3C085B92261F}.Ad-Hoc|iPhoneSimulator.Build.0 = Debug|Any CPU
		{97DC8201-6CE8-4520-B0C1-3C085B92261F}.Ad-Hoc|iPhoneSimulator.Deploy.0 = Debug|Any CPU
		{97DC8201-6CE8-4520-B0C1-3C085B92261F}.AppStore|Any CPU.ActiveCfg = Debug|Any CPU
		{97DC8201-6CE8-4520-B0C1-3C085B92261F}.AppStore|Any CPU.Build.0 = Debug|Any CPU
		{97DC8201-6CE8-4520-B0C1-3C085B92261F}.AppStore|Any CPU.Deploy.0 = Debug|Any CPU
		{97DC8201-6CE8-4520-B0C1-3C085B92261F}.AppStore|iPhone.ActiveCfg = Debug|Any CPU
		{97DC8201-6CE8-4520-B0C1-3C085B92261F}.AppStore|iPhone.Build.0 = Debug|Any CPU
		{97DC8201-6CE8-4520-B0C1-3C085B92261F}.AppStore|iPhone.Deploy.0 = Debug|Any CPU
		{97DC8201-6CE8-4520-B0C1-3C085B92261F}.AppStore|iPhoneSimulator.ActiveCfg = Debug|Any CPU
		{97DC8201-6CE8-4520-B0C1-3C085B92261F}.AppStore|iPhoneSimulator.Build.0 = Debug|Any CPU
		{97DC8201-6CE8-4520-B0C1-3C085B92261F}.AppStore|iPhoneSimulator.Deploy.0 = Debug|Any CPU
		{97DC8201-6CE8-4520-B0C1-3C085B92261F}.Debug|Any CPU.ActiveCfg = Debug|Any CPU
		{97DC8201-6CE8-4520-B0C1-3C085B92261F}.Debug|Any CPU.Build.0 = Debug|Any CPU
		{97DC8201-6CE8-4520-B0C1-3C085B92261F}.Debug|Any CPU.Deploy.0 = Debug|Any CPU
		{97DC8201-6CE8-4520-B0C1-3C085B92261F}.Debug|iPhone.ActiveCfg = Debug|Any CPU
		{97DC8201-6CE8-4520-B0C1-3C085B92261F}.Debug|iPhone.Build.0 = Debug|Any CPU
		{97DC8201-6CE8-4520-B0C1-3C085B92261F}.Debug|iPhone.Deploy.0 = Debug|Any CPU
		{97DC8201-6CE8-4520-B0C1-3C085B92261F}.Debug|iPhoneSimulator.ActiveCfg = Debug|Any CPU
		{97DC8201-6CE8-4520-B0C1-3C085B92261F}.Debug|iPhoneSimulator.Build.0 = Debug|Any CPU
		{97DC8201-6CE8-4520-B0C1-3C085B92261F}.Debug|iPhoneSimulator.Deploy.0 = Debug|Any CPU
		{97DC8201-6CE8-4520-B0C1-3C085B92261F}.Release|Any CPU.ActiveCfg = Release|Any CPU
		{97DC8201-6CE8-4520-B0C1-3C085B92261F}.Release|Any CPU.Build.0 = Release|Any CPU
		{97DC8201-6CE8-4520-B0C1-3C085B92261F}.Release|Any CPU.Deploy.0 = Release|Any CPU
		{97DC8201-6CE8-4520-B0C1-3C085B92261F}.Release|iPhone.ActiveCfg = Release|Any CPU
		{97DC8201-6CE8-4520-B0C1-3C085B92261F}.Release|iPhone.Build.0 = Release|Any CPU
		{97DC8201-6CE8-4520-B0C1-3C085B92261F}.Release|iPhone.Deploy.0 = Release|Any CPU
		{97DC8201-6CE8-4520-B0C1-3C085B92261F}.Release|iPhoneSimulator.ActiveCfg = Release|Any CPU
		{97DC8201-6CE8-4520-B0C1-3C085B92261F}.Release|iPhoneSimulator.Build.0 = Release|Any CPU
		{97DC8201-6CE8-4520-B0C1-3C085B92261F}.Release|iPhoneSimulator.Deploy.0 = Release|Any CPU
		{FD01BEC3-284E-48C0-8BC4-28E45D7AA273}.Ad-Hoc|Any CPU.ActiveCfg = Release|Any CPU
		{FD01BEC3-284E-48C0-8BC4-28E45D7AA273}.Ad-Hoc|Any CPU.Build.0 = Release|Any CPU
		{FD01BEC3-284E-48C0-8BC4-28E45D7AA273}.Ad-Hoc|iPhone.ActiveCfg = Release|Any CPU
		{FD01BEC3-284E-48C0-8BC4-28E45D7AA273}.Ad-Hoc|iPhone.Build.0 = Release|Any CPU
		{FD01BEC3-284E-48C0-8BC4-28E45D7AA273}.Ad-Hoc|iPhoneSimulator.ActiveCfg = Release|Any CPU
		{FD01BEC3-284E-48C0-8BC4-28E45D7AA273}.Ad-Hoc|iPhoneSimulator.Build.0 = Release|Any CPU
		{FD01BEC3-284E-48C0-8BC4-28E45D7AA273}.AppStore|Any CPU.ActiveCfg = Release|Any CPU
		{FD01BEC3-284E-48C0-8BC4-28E45D7AA273}.AppStore|Any CPU.Build.0 = Release|Any CPU
		{FD01BEC3-284E-48C0-8BC4-28E45D7AA273}.AppStore|iPhone.ActiveCfg = Release|Any CPU
		{FD01BEC3-284E-48C0-8BC4-28E45D7AA273}.AppStore|iPhone.Build.0 = Release|Any CPU
		{FD01BEC3-284E-48C0-8BC4-28E45D7AA273}.AppStore|iPhoneSimulator.ActiveCfg = Release|Any CPU
		{FD01BEC3-284E-48C0-8BC4-28E45D7AA273}.AppStore|iPhoneSimulator.Build.0 = Release|Any CPU
		{FD01BEC3-284E-48C0-8BC4-28E45D7AA273}.Debug|Any CPU.ActiveCfg = Debug|Any CPU
		{FD01BEC3-284E-48C0-8BC4-28E45D7AA273}.Debug|Any CPU.Build.0 = Debug|Any CPU
		{FD01BEC3-284E-48C0-8BC4-28E45D7AA273}.Debug|iPhone.ActiveCfg = Debug|Any CPU
		{FD01BEC3-284E-48C0-8BC4-28E45D7AA273}.Debug|iPhone.Build.0 = Debug|Any CPU
		{FD01BEC3-284E-48C0-8BC4-28E45D7AA273}.Debug|iPhoneSimulator.ActiveCfg = Debug|Any CPU
		{FD01BEC3-284E-48C0-8BC4-28E45D7AA273}.Debug|iPhoneSimulator.Build.0 = Debug|Any CPU
		{FD01BEC3-284E-48C0-8BC4-28E45D7AA273}.Release|Any CPU.ActiveCfg = Release|Any CPU
		{FD01BEC3-284E-48C0-8BC4-28E45D7AA273}.Release|Any CPU.Build.0 = Release|Any CPU
		{FD01BEC3-284E-48C0-8BC4-28E45D7AA273}.Release|iPhone.ActiveCfg = Release|Any CPU
		{FD01BEC3-284E-48C0-8BC4-28E45D7AA273}.Release|iPhone.Build.0 = Release|Any CPU
		{FD01BEC3-284E-48C0-8BC4-28E45D7AA273}.Release|iPhoneSimulator.ActiveCfg = Release|Any CPU
		{FD01BEC3-284E-48C0-8BC4-28E45D7AA273}.Release|iPhoneSimulator.Build.0 = Release|Any CPU
		{4A85E3B7-6445-4EEF-BE09-40DB9E9BDD7A}.Ad-Hoc|Any CPU.ActiveCfg = Release|Any CPU
		{4A85E3B7-6445-4EEF-BE09-40DB9E9BDD7A}.Ad-Hoc|Any CPU.Build.0 = Release|Any CPU
		{4A85E3B7-6445-4EEF-BE09-40DB9E9BDD7A}.Ad-Hoc|iPhone.ActiveCfg = Release|Any CPU
		{4A85E3B7-6445-4EEF-BE09-40DB9E9BDD7A}.Ad-Hoc|iPhone.Build.0 = Release|Any CPU
		{4A85E3B7-6445-4EEF-BE09-40DB9E9BDD7A}.Ad-Hoc|iPhoneSimulator.ActiveCfg = Release|Any CPU
		{4A85E3B7-6445-4EEF-BE09-40DB9E9BDD7A}.Ad-Hoc|iPhoneSimulator.Build.0 = Release|Any CPU
		{4A85E3B7-6445-4EEF-BE09-40DB9E9BDD7A}.AppStore|Any CPU.ActiveCfg = Release|Any CPU
		{4A85E3B7-6445-4EEF-BE09-40DB9E9BDD7A}.AppStore|Any CPU.Build.0 = Release|Any CPU
		{4A85E3B7-6445-4EEF-BE09-40DB9E9BDD7A}.AppStore|iPhone.ActiveCfg = Release|Any CPU
		{4A85E3B7-6445-4EEF-BE09-40DB9E9BDD7A}.AppStore|iPhone.Build.0 = Release|Any CPU
		{4A85E3B7-6445-4EEF-BE09-40DB9E9BDD7A}.AppStore|iPhoneSimulator.ActiveCfg = Release|Any CPU
		{4A85E3B7-6445-4EEF-BE09-40DB9E9BDD7A}.AppStore|iPhoneSimulator.Build.0 = Release|Any CPU
		{4A85E3B7-6445-4EEF-BE09-40DB9E9BDD7A}.Debug|Any CPU.ActiveCfg = Debug|Any CPU
		{4A85E3B7-6445-4EEF-BE09-40DB9E9BDD7A}.Debug|Any CPU.Build.0 = Debug|Any CPU
		{4A85E3B7-6445-4EEF-BE09-40DB9E9BDD7A}.Debug|iPhone.ActiveCfg = Debug|Any CPU
		{4A85E3B7-6445-4EEF-BE09-40DB9E9BDD7A}.Debug|iPhone.Build.0 = Debug|Any CPU
		{4A85E3B7-6445-4EEF-BE09-40DB9E9BDD7A}.Debug|iPhoneSimulator.ActiveCfg = Debug|Any CPU
		{4A85E3B7-6445-4EEF-BE09-40DB9E9BDD7A}.Debug|iPhoneSimulator.Build.0 = Debug|Any CPU
		{4A85E3B7-6445-4EEF-BE09-40DB9E9BDD7A}.Release|Any CPU.ActiveCfg = Release|Any CPU
		{4A85E3B7-6445-4EEF-BE09-40DB9E9BDD7A}.Release|Any CPU.Build.0 = Release|Any CPU
		{4A85E3B7-6445-4EEF-BE09-40DB9E9BDD7A}.Release|iPhone.ActiveCfg = Release|Any CPU
		{4A85E3B7-6445-4EEF-BE09-40DB9E9BDD7A}.Release|iPhone.Build.0 = Release|Any CPU
		{4A85E3B7-6445-4EEF-BE09-40DB9E9BDD7A}.Release|iPhoneSimulator.ActiveCfg = Release|Any CPU
		{4A85E3B7-6445-4EEF-BE09-40DB9E9BDD7A}.Release|iPhoneSimulator.Build.0 = Release|Any CPU
		{3F11840B-86EB-4266-81A7-01AF6F03254D}.Ad-Hoc|Any CPU.ActiveCfg = Release|Any CPU
		{3F11840B-86EB-4266-81A7-01AF6F03254D}.Ad-Hoc|Any CPU.Build.0 = Release|Any CPU
		{3F11840B-86EB-4266-81A7-01AF6F03254D}.Ad-Hoc|iPhone.ActiveCfg = Release|Any CPU
		{3F11840B-86EB-4266-81A7-01AF6F03254D}.Ad-Hoc|iPhone.Build.0 = Release|Any CPU
		{3F11840B-86EB-4266-81A7-01AF6F03254D}.Ad-Hoc|iPhoneSimulator.ActiveCfg = Release|Any CPU
		{3F11840B-86EB-4266-81A7-01AF6F03254D}.Ad-Hoc|iPhoneSimulator.Build.0 = Release|Any CPU
		{3F11840B-86EB-4266-81A7-01AF6F03254D}.AppStore|Any CPU.ActiveCfg = Release|Any CPU
		{3F11840B-86EB-4266-81A7-01AF6F03254D}.AppStore|Any CPU.Build.0 = Release|Any CPU
		{3F11840B-86EB-4266-81A7-01AF6F03254D}.AppStore|iPhone.ActiveCfg = Release|Any CPU
		{3F11840B-86EB-4266-81A7-01AF6F03254D}.AppStore|iPhone.Build.0 = Release|Any CPU
		{3F11840B-86EB-4266-81A7-01AF6F03254D}.AppStore|iPhoneSimulator.ActiveCfg = Release|Any CPU
		{3F11840B-86EB-4266-81A7-01AF6F03254D}.AppStore|iPhoneSimulator.Build.0 = Release|Any CPU
		{3F11840B-86EB-4266-81A7-01AF6F03254D}.Debug|Any CPU.ActiveCfg = Debug|Any CPU
		{3F11840B-86EB-4266-81A7-01AF6F03254D}.Debug|Any CPU.Build.0 = Debug|Any CPU
		{3F11840B-86EB-4266-81A7-01AF6F03254D}.Debug|iPhone.ActiveCfg = Debug|Any CPU
		{3F11840B-86EB-4266-81A7-01AF6F03254D}.Debug|iPhone.Build.0 = Debug|Any CPU
		{3F11840B-86EB-4266-81A7-01AF6F03254D}.Debug|iPhoneSimulator.ActiveCfg = Debug|Any CPU
		{3F11840B-86EB-4266-81A7-01AF6F03254D}.Debug|iPhoneSimulator.Build.0 = Debug|Any CPU
		{3F11840B-86EB-4266-81A7-01AF6F03254D}.Release|Any CPU.ActiveCfg = Release|Any CPU
		{3F11840B-86EB-4266-81A7-01AF6F03254D}.Release|Any CPU.Build.0 = Release|Any CPU
		{3F11840B-86EB-4266-81A7-01AF6F03254D}.Release|iPhone.ActiveCfg = Release|Any CPU
		{3F11840B-86EB-4266-81A7-01AF6F03254D}.Release|iPhone.Build.0 = Release|Any CPU
		{3F11840B-86EB-4266-81A7-01AF6F03254D}.Release|iPhoneSimulator.ActiveCfg = Release|Any CPU
		{3F11840B-86EB-4266-81A7-01AF6F03254D}.Release|iPhoneSimulator.Build.0 = Release|Any CPU
		{3A42871C-4EEA-4B0B-B3B6-8E09FAA41344}.Ad-Hoc|Any CPU.ActiveCfg = Release|Any CPU
		{3A42871C-4EEA-4B0B-B3B6-8E09FAA41344}.Ad-Hoc|Any CPU.Build.0 = Release|Any CPU
		{3A42871C-4EEA-4B0B-B3B6-8E09FAA41344}.Ad-Hoc|iPhone.ActiveCfg = Release|Any CPU
		{3A42871C-4EEA-4B0B-B3B6-8E09FAA41344}.Ad-Hoc|iPhone.Build.0 = Release|Any CPU
		{3A42871C-4EEA-4B0B-B3B6-8E09FAA41344}.Ad-Hoc|iPhoneSimulator.ActiveCfg = Release|Any CPU
		{3A42871C-4EEA-4B0B-B3B6-8E09FAA41344}.Ad-Hoc|iPhoneSimulator.Build.0 = Release|Any CPU
		{3A42871C-4EEA-4B0B-B3B6-8E09FAA41344}.AppStore|Any CPU.ActiveCfg = Release|Any CPU
		{3A42871C-4EEA-4B0B-B3B6-8E09FAA41344}.AppStore|Any CPU.Build.0 = Release|Any CPU
		{3A42871C-4EEA-4B0B-B3B6-8E09FAA41344}.AppStore|iPhone.ActiveCfg = Release|Any CPU
		{3A42871C-4EEA-4B0B-B3B6-8E09FAA41344}.AppStore|iPhone.Build.0 = Release|Any CPU
		{3A42871C-4EEA-4B0B-B3B6-8E09FAA41344}.AppStore|iPhoneSimulator.ActiveCfg = Release|Any CPU
		{3A42871C-4EEA-4B0B-B3B6-8E09FAA41344}.AppStore|iPhoneSimulator.Build.0 = Release|Any CPU
		{3A42871C-4EEA-4B0B-B3B6-8E09FAA41344}.Debug|Any CPU.ActiveCfg = Debug|Any CPU
		{3A42871C-4EEA-4B0B-B3B6-8E09FAA41344}.Debug|Any CPU.Build.0 = Debug|Any CPU
		{3A42871C-4EEA-4B0B-B3B6-8E09FAA41344}.Debug|iPhone.ActiveCfg = Debug|Any CPU
		{3A42871C-4EEA-4B0B-B3B6-8E09FAA41344}.Debug|iPhone.Build.0 = Debug|Any CPU
		{3A42871C-4EEA-4B0B-B3B6-8E09FAA41344}.Debug|iPhoneSimulator.ActiveCfg = Debug|Any CPU
		{3A42871C-4EEA-4B0B-B3B6-8E09FAA41344}.Debug|iPhoneSimulator.Build.0 = Debug|Any CPU
		{3A42871C-4EEA-4B0B-B3B6-8E09FAA41344}.Release|Any CPU.ActiveCfg = Release|Any CPU
		{3A42871C-4EEA-4B0B-B3B6-8E09FAA41344}.Release|Any CPU.Build.0 = Release|Any CPU
		{3A42871C-4EEA-4B0B-B3B6-8E09FAA41344}.Release|iPhone.ActiveCfg = Release|Any CPU
		{3A42871C-4EEA-4B0B-B3B6-8E09FAA41344}.Release|iPhone.Build.0 = Release|Any CPU
		{3A42871C-4EEA-4B0B-B3B6-8E09FAA41344}.Release|iPhoneSimulator.ActiveCfg = Release|Any CPU
		{3A42871C-4EEA-4B0B-B3B6-8E09FAA41344}.Release|iPhoneSimulator.Build.0 = Release|Any CPU
	EndGlobalSection
	GlobalSection(SolutionProperties) = preSolution
		HideSolutionNode = FALSE
	EndGlobalSection
	GlobalSection(ExtensibilityGlobals) = postSolution
		SolutionGuid = {B80ACA6B-F52D-4274-9FD6-84AA8E6E54C8}
	EndGlobalSection
EndGlobal
